// !$*UTF8*$!
{
	archiveVersion = 1;
	classes = {
	};
	objectVersion = 56;
	objects = {

/* Begin PBXBuildFile section */
		D328EB9629A7247200A1D22B /* ContentPageObject.swift in Sources */ = {isa = PBXBuildFile; fileRef = D328EB9529A7247200A1D22B /* ContentPageObject.swift */; };
		D328EB9829A7248200A1D22B /* ContentViewScreenAction.swift in Sources */ = {isa = PBXBuildFile; fileRef = D328EB9729A7248200A1D22B /* ContentViewScreenAction.swift */; };
		D328EB9A29A726D000A1D22B /* ModalViewPageObject.swift in Sources */ = {isa = PBXBuildFile; fileRef = D328EB9929A726D000A1D22B /* ModalViewPageObject.swift */; };
		D328EB9C29A726DF00A1D22B /* PushViewPageObject.swift in Sources */ = {isa = PBXBuildFile; fileRef = D328EB9B29A726DF00A1D22B /* PushViewPageObject.swift */; };
		D328EB9E29A726FB00A1D22B /* ModalViewScreenAction.swift in Sources */ = {isa = PBXBuildFile; fileRef = D328EB9D29A726FB00A1D22B /* ModalViewScreenAction.swift */; };
		D328EBA029A7270A00A1D22B /* PushViewScreenAction.swift in Sources */ = {isa = PBXBuildFile; fileRef = D328EB9F29A7270A00A1D22B /* PushViewScreenAction.swift */; };
		D328EBA229A729B000A1D22B /* ExamplePatternUITests.swift in Sources */ = {isa = PBXBuildFile; fileRef = D328EBA129A729B000A1D22B /* ExamplePatternUITests.swift */; };
		D39916CE29A7066F00BEE7BF /* ExampleProjectForUITestApp.swift in Sources */ = {isa = PBXBuildFile; fileRef = D39916CD29A7066F00BEE7BF /* ExampleProjectForUITestApp.swift */; };
		D39916D029A7066F00BEE7BF /* ContentView.swift in Sources */ = {isa = PBXBuildFile; fileRef = D39916CF29A7066F00BEE7BF /* ContentView.swift */; };
		D39916D229A7067200BEE7BF /* Assets.xcassets in Resources */ = {isa = PBXBuildFile; fileRef = D39916D129A7067200BEE7BF /* Assets.xcassets */; };
		D39916D529A7067200BEE7BF /* Preview Assets.xcassets in Resources */ = {isa = PBXBuildFile; fileRef = D39916D429A7067200BEE7BF /* Preview Assets.xcassets */; };
		D39916DF29A7067200BEE7BF /* ExampleProjectForUITestTests.swift in Sources */ = {isa = PBXBuildFile; fileRef = D39916DE29A7067200BEE7BF /* ExampleProjectForUITestTests.swift */; };
		D39916EB29A7067200BEE7BF /* ExampleUITests.swift in Sources */ = {isa = PBXBuildFile; fileRef = D39916EA29A7067200BEE7BF /* ExampleUITests.swift */; };
		D39916F829A7089300BEE7BF /* PushView.swift in Sources */ = {isa = PBXBuildFile; fileRef = D39916F729A7089300BEE7BF /* PushView.swift */; };
		D39916FA29A7089F00BEE7BF /* ModalView.swift in Sources */ = {isa = PBXBuildFile; fileRef = D39916F929A7089F00BEE7BF /* ModalView.swift */; };
/* End PBXBuildFile section */

/* Begin PBXContainerItemProxy section */
		D39916DB29A7067200BEE7BF /* PBXContainerItemProxy */ = {
			isa = PBXContainerItemProxy;
			containerPortal = D39916C229A7066F00BEE7BF /* Project object */;
			proxyType = 1;
			remoteGlobalIDString = D39916C929A7066F00BEE7BF;
			remoteInfo = ExampleProjectForUITest;
		};
		D39916E529A7067200BEE7BF /* PBXContainerItemProxy */ = {
			isa = PBXContainerItemProxy;
			containerPortal = D39916C229A7066F00BEE7BF /* Project object */;
			proxyType = 1;
			remoteGlobalIDString = D39916C929A7066F00BEE7BF;
			remoteInfo = ExampleProjectForUITest;
		};
/* End PBXContainerItemProxy section */

/* Begin PBXFileReference section */
		D328EB9529A7247200A1D22B /* ContentPageObject.swift */ = {isa = PBXFileReference; lastKnownFileType = sourcecode.swift; path = ContentPageObject.swift; sourceTree = "<group>"; };
		D328EB9729A7248200A1D22B /* ContentViewScreenAction.swift */ = {isa = PBXFileReference; lastKnownFileType = sourcecode.swift; path = ContentViewScreenAction.swift; sourceTree = "<group>"; };
		D328EB9929A726D000A1D22B /* ModalViewPageObject.swift */ = {isa = PBXFileReference; lastKnownFileType = sourcecode.swift; path = ModalViewPageObject.swift; sourceTree = "<group>"; };
		D328EB9B29A726DF00A1D22B /* PushViewPageObject.swift */ = {isa = PBXFileReference; lastKnownFileType = sourcecode.swift; path = PushViewPageObject.swift; sourceTree = "<group>"; };
		D328EB9D29A726FB00A1D22B /* ModalViewScreenAction.swift */ = {isa = PBXFileReference; lastKnownFileType = sourcecode.swift; path = ModalViewScreenAction.swift; sourceTree = "<group>"; };
		D328EB9F29A7270A00A1D22B /* PushViewScreenAction.swift */ = {isa = PBXFileReference; lastKnownFileType = sourcecode.swift; path = PushViewScreenAction.swift; sourceTree = "<group>"; };
		D328EBA129A729B000A1D22B /* ExamplePatternUITests.swift */ = {isa = PBXFileReference; lastKnownFileType = sourcecode.swift; path = ExamplePatternUITests.swift; sourceTree = "<group>"; };
		D39916CA29A7066F00BEE7BF /* ExampleProjectForUITest.app */ = {isa = PBXFileReference; explicitFileType = wrapper.application; includeInIndex = 0; path = ExampleProjectForUITest.app; sourceTree = BUILT_PRODUCTS_DIR; };
		D39916CD29A7066F00BEE7BF /* ExampleProjectForUITestApp.swift */ = {isa = PBXFileReference; lastKnownFileType = sourcecode.swift; path = ExampleProjectForUITestApp.swift; sourceTree = "<group>"; };
		D39916CF29A7066F00BEE7BF /* ContentView.swift */ = {isa = PBXFileReference; lastKnownFileType = sourcecode.swift; path = ContentView.swift; sourceTree = "<group>"; };
		D39916D129A7067200BEE7BF /* Assets.xcassets */ = {isa = PBXFileReference; lastKnownFileType = folder.assetcatalog; path = Assets.xcassets; sourceTree = "<group>"; };
		D39916D429A7067200BEE7BF /* Preview Assets.xcassets */ = {isa = PBXFileReference; lastKnownFileType = folder.assetcatalog; path = "Preview Assets.xcassets"; sourceTree = "<group>"; };
		D39916DA29A7067200BEE7BF /* ExampleProjectForUITestTests.xctest */ = {isa = PBXFileReference; explicitFileType = wrapper.cfbundle; includeInIndex = 0; path = ExampleProjectForUITestTests.xctest; sourceTree = BUILT_PRODUCTS_DIR; };
		D39916DE29A7067200BEE7BF /* ExampleProjectForUITestTests.swift */ = {isa = PBXFileReference; lastKnownFileType = sourcecode.swift; path = ExampleProjectForUITestTests.swift; sourceTree = "<group>"; };
		D39916E429A7067200BEE7BF /* ExampleProjectForUITestUITests.xctest */ = {isa = PBXFileReference; explicitFileType = wrapper.cfbundle; includeInIndex = 0; path = ExampleProjectForUITestUITests.xctest; sourceTree = BUILT_PRODUCTS_DIR; };
		D39916EA29A7067200BEE7BF /* ExampleUITests.swift */ = {isa = PBXFileReference; lastKnownFileType = sourcecode.swift; path = ExampleUITests.swift; sourceTree = "<group>"; };
		D39916F729A7089300BEE7BF /* PushView.swift */ = {isa = PBXFileReference; lastKnownFileType = sourcecode.swift; path = PushView.swift; sourceTree = "<group>"; };
		D39916F929A7089F00BEE7BF /* ModalView.swift */ = {isa = PBXFileReference; lastKnownFileType = sourcecode.swift; path = ModalView.swift; sourceTree = "<group>"; };
/* End PBXFileReference section */

/* Begin PBXFrameworksBuildPhase section */
		D39916C729A7066F00BEE7BF /* Frameworks */ = {
			isa = PBXFrameworksBuildPhase;
			buildActionMask = 2147483647;
			files = (
			);
			runOnlyForDeploymentPostprocessing = 0;
		};
		D39916D729A7067200BEE7BF /* Frameworks */ = {
			isa = PBXFrameworksBuildPhase;
			buildActionMask = 2147483647;
			files = (
			);
			runOnlyForDeploymentPostprocessing = 0;
		};
		D39916E129A7067200BEE7BF /* Frameworks */ = {
			isa = PBXFrameworksBuildPhase;
			buildActionMask = 2147483647;
			files = (
			);
			runOnlyForDeploymentPostprocessing = 0;
		};
/* End PBXFrameworksBuildPhase section */

/* Begin PBXGroup section */
		D328EB9029A719F300A1D22B /* Scene */ = {
			isa = PBXGroup;
			children = (
				D39916CF29A7066F00BEE7BF /* ContentView.swift */,
				D39916F929A7089F00BEE7BF /* ModalView.swift */,
				D39916F729A7089300BEE7BF /* PushView.swift */,
			);
			path = Scene;
			sourceTree = "<group>";
		};
		D328EB9329A7243F00A1D22B /* PageObject */ = {
			isa = PBXGroup;
			children = (
				D328EB9529A7247200A1D22B /* ContentPageObject.swift */,
				D328EB9929A726D000A1D22B /* ModalViewPageObject.swift */,
				D328EB9B29A726DF00A1D22B /* PushViewPageObject.swift */,
			);
			path = PageObject;
			sourceTree = "<group>";
		};
		D328EB9429A7244900A1D22B /* ScreenAction */ = {
			isa = PBXGroup;
			children = (
				D328EB9729A7248200A1D22B /* ContentViewScreenAction.swift */,
				D328EB9D29A726FB00A1D22B /* ModalViewScreenAction.swift */,
				D328EB9F29A7270A00A1D22B /* PushViewScreenAction.swift */,
			);
			path = ScreenAction;
			sourceTree = "<group>";
		};
		D39916C129A7066F00BEE7BF = {
			isa = PBXGroup;
			children = (
				D39916CC29A7066F00BEE7BF /* ExampleProjectForUITest */,
				D39916DD29A7067200BEE7BF /* ExampleProjectForUITestTests */,
				D39916E729A7067200BEE7BF /* ExampleProjectForUITestUITests */,
				D39916CB29A7066F00BEE7BF /* Products */,
			);
			sourceTree = "<group>";
		};
		D39916CB29A7066F00BEE7BF /* Products */ = {
			isa = PBXGroup;
			children = (
				D39916CA29A7066F00BEE7BF /* ExampleProjectForUITest.app */,
				D39916DA29A7067200BEE7BF /* ExampleProjectForUITestTests.xctest */,
				D39916E429A7067200BEE7BF /* ExampleProjectForUITestUITests.xctest */,
			);
			name = Products;
			sourceTree = "<group>";
		};
		D39916CC29A7066F00BEE7BF /* ExampleProjectForUITest */ = {
			isa = PBXGroup;
			children = (
				D39916CD29A7066F00BEE7BF /* ExampleProjectForUITestApp.swift */,
				D39916D129A7067200BEE7BF /* Assets.xcassets */,
				D39916D329A7067200BEE7BF /* Preview Content */,
				D328EB9029A719F300A1D22B /* Scene */,
			);
			path = ExampleProjectForUITest;
			sourceTree = "<group>";
		};
		D39916D329A7067200BEE7BF /* Preview Content */ = {
			isa = PBXGroup;
			children = (
				D39916D429A7067200BEE7BF /* Preview Assets.xcassets */,
			);
			path = "Preview Content";
			sourceTree = "<group>";
		};
		D39916DD29A7067200BEE7BF /* ExampleProjectForUITestTests */ = {
			isa = PBXGroup;
			children = (
				D39916DE29A7067200BEE7BF /* ExampleProjectForUITestTests.swift */,
			);
			path = ExampleProjectForUITestTests;
			sourceTree = "<group>";
		};
		D39916E729A7067200BEE7BF /* ExampleProjectForUITestUITests */ = {
			isa = PBXGroup;
			children = (
				D328EBA129A729B000A1D22B /* ExamplePatternUITests.swift */,
				D39916EA29A7067200BEE7BF /* ExampleUITests.swift */,
				D328EB9329A7243F00A1D22B /* PageObject */,
				D328EB9429A7244900A1D22B /* ScreenAction */,
			);
			path = ExampleProjectForUITestUITests;
			sourceTree = "<group>";
		};
/* End PBXGroup section */

/* Begin PBXNativeTarget section */
		D39916C929A7066F00BEE7BF /* ExampleProjectForUITest */ = {
			isa = PBXNativeTarget;
			buildConfigurationList = D39916EE29A7067200BEE7BF /* Build configuration list for PBXNativeTarget "ExampleProjectForUITest" */;
			buildPhases = (
				D39916C629A7066F00BEE7BF /* Sources */,
				D39916C729A7066F00BEE7BF /* Frameworks */,
				D39916C829A7066F00BEE7BF /* Resources */,
			);
			buildRules = (
			);
			dependencies = (
			);
			name = ExampleProjectForUITest;
			productName = ExampleProjectForUITest;
			productReference = D39916CA29A7066F00BEE7BF /* ExampleProjectForUITest.app */;
			productType = "com.apple.product-type.application";
		};
		D39916D929A7067200BEE7BF /* ExampleProjectForUITestTests */ = {
			isa = PBXNativeTarget;
			buildConfigurationList = D39916F129A7067200BEE7BF /* Build configuration list for PBXNativeTarget "ExampleProjectForUITestTests" */;
			buildPhases = (
				D39916D629A7067200BEE7BF /* Sources */,
				D39916D729A7067200BEE7BF /* Frameworks */,
				D39916D829A7067200BEE7BF /* Resources */,
			);
			buildRules = (
			);
			dependencies = (
				D39916DC29A7067200BEE7BF /* PBXTargetDependency */,
			);
			name = ExampleProjectForUITestTests;
			productName = ExampleProjectForUITestTests;
			productReference = D39916DA29A7067200BEE7BF /* ExampleProjectForUITestTests.xctest */;
			productType = "com.apple.product-type.bundle.unit-test";
		};
		D39916E329A7067200BEE7BF /* ExampleProjectForUITestUITests */ = {
			isa = PBXNativeTarget;
			buildConfigurationList = D39916F429A7067200BEE7BF /* Build configuration list for PBXNativeTarget "ExampleProjectForUITestUITests" */;
			buildPhases = (
				D39916E029A7067200BEE7BF /* Sources */,
				D39916E129A7067200BEE7BF /* Frameworks */,
				D39916E229A7067200BEE7BF /* Resources */,
			);
			buildRules = (
			);
			dependencies = (
				D39916E629A7067200BEE7BF /* PBXTargetDependency */,
			);
			name = ExampleProjectForUITestUITests;
			productName = ExampleProjectForUITestUITests;
			productReference = D39916E429A7067200BEE7BF /* ExampleProjectForUITestUITests.xctest */;
			productType = "com.apple.product-type.bundle.ui-testing";
		};
/* End PBXNativeTarget section */

/* Begin PBXProject section */
		D39916C229A7066F00BEE7BF /* Project object */ = {
			isa = PBXProject;
			attributes = {
				BuildIndependentTargetsInParallel = 1;
				LastSwiftUpdateCheck = 1420;
				LastUpgradeCheck = 1420;
				TargetAttributes = {
					D39916C929A7066F00BEE7BF = {
						CreatedOnToolsVersion = 14.2;
					};
					D39916D929A7067200BEE7BF = {
						CreatedOnToolsVersion = 14.2;
						TestTargetID = D39916C929A7066F00BEE7BF;
					};
					D39916E329A7067200BEE7BF = {
						CreatedOnToolsVersion = 14.2;
						TestTargetID = D39916C929A7066F00BEE7BF;
					};
				};
			};
			buildConfigurationList = D39916C529A7066F00BEE7BF /* Build configuration list for PBXProject "ExampleProjectForUITest" */;
			compatibilityVersion = "Xcode 14.0";
			developmentRegion = en;
			hasScannedForEncodings = 0;
			knownRegions = (
				en,
				Base,
			);
			mainGroup = D39916C129A7066F00BEE7BF;
			productRefGroup = D39916CB29A7066F00BEE7BF /* Products */;
			projectDirPath = "";
			projectRoot = "";
			targets = (
				D39916C929A7066F00BEE7BF /* ExampleProjectForUITest */,
				D39916D929A7067200BEE7BF /* ExampleProjectForUITestTests */,
				D39916E329A7067200BEE7BF /* ExampleProjectForUITestUITests */,
			);
		};
/* End PBXProject section */

/* Begin PBXResourcesBuildPhase section */
		D39916C829A7066F00BEE7BF /* Resources */ = {
			isa = PBXResourcesBuildPhase;
			buildActionMask = 2147483647;
			files = (
				D39916D529A7067200BEE7BF /* Preview Assets.xcassets in Resources */,
				D39916D229A7067200BEE7BF /* Assets.xcassets in Resources */,
			);
			runOnlyForDeploymentPostprocessing = 0;
		};
		D39916D829A7067200BEE7BF /* Resources */ = {
			isa = PBXResourcesBuildPhase;
			buildActionMask = 2147483647;
			files = (
			);
			runOnlyForDeploymentPostprocessing = 0;
		};
		D39916E229A7067200BEE7BF /* Resources */ = {
			isa = PBXResourcesBuildPhase;
			buildActionMask = 2147483647;
			files = (
			);
			runOnlyForDeploymentPostprocessing = 0;
		};
/* End PBXResourcesBuildPhase section */

/* Begin PBXSourcesBuildPhase section */
		D39916C629A7066F00BEE7BF /* Sources */ = {
			isa = PBXSourcesBuildPhase;
			buildActionMask = 2147483647;
			files = (
				D39916D029A7066F00BEE7BF /* ContentView.swift in Sources */,
				D39916CE29A7066F00BEE7BF /* ExampleProjectForUITestApp.swift in Sources */,
				D39916FA29A7089F00BEE7BF /* ModalView.swift in Sources */,
				D39916F829A7089300BEE7BF /* PushView.swift in Sources */,
			);
			runOnlyForDeploymentPostprocessing = 0;
		};
		D39916D629A7067200BEE7BF /* Sources */ = {
			isa = PBXSourcesBuildPhase;
			buildActionMask = 2147483647;
			files = (
				D39916DF29A7067200BEE7BF /* ExampleProjectForUITestTests.swift in Sources */,
			);
			runOnlyForDeploymentPostprocessing = 0;
		};
		D39916E029A7067200BEE7BF /* Sources */ = {
			isa = PBXSourcesBuildPhase;
			buildActionMask = 2147483647;
			files = (
				D328EB9A29A726D000A1D22B /* ModalViewPageObject.swift in Sources */,
				D328EBA229A729B000A1D22B /* ExamplePatternUITests.swift in Sources */,
				D328EB9829A7248200A1D22B /* ContentViewScreenAction.swift in Sources */,
				D328EB9C29A726DF00A1D22B /* PushViewPageObject.swift in Sources */,
				D328EBA029A7270A00A1D22B /* PushViewScreenAction.swift in Sources */,
				D328EB9E29A726FB00A1D22B /* ModalViewScreenAction.swift in Sources */,
				D39916EB29A7067200BEE7BF /* ExampleUITests.swift in Sources */,
				D328EB9629A7247200A1D22B /* ContentPageObject.swift in Sources */,
			);
			runOnlyForDeploymentPostprocessing = 0;
		};
/* End PBXSourcesBuildPhase section */

/* Begin PBXTargetDependency section */
		D39916DC29A7067200BEE7BF /* PBXTargetDependency */ = {
			isa = PBXTargetDependency;
			target = D39916C929A7066F00BEE7BF /* ExampleProjectForUITest */;
			targetProxy = D39916DB29A7067200BEE7BF /* PBXContainerItemProxy */;
		};
		D39916E629A7067200BEE7BF /* PBXTargetDependency */ = {
			isa = PBXTargetDependency;
			target = D39916C929A7066F00BEE7BF /* ExampleProjectForUITest */;
			targetProxy = D39916E529A7067200BEE7BF /* PBXContainerItemProxy */;
		};
/* End PBXTargetDependency section */

/* Begin XCBuildConfiguration section */
		D39916EC29A7067200BEE7BF /* Debug */ = {
			isa = XCBuildConfiguration;
			buildSettings = {
				ALWAYS_SEARCH_USER_PATHS = NO;
				CLANG_ANALYZER_NONNULL = YES;
				CLANG_ANALYZER_NUMBER_OBJECT_CONVERSION = YES_AGGRESSIVE;
				CLANG_CXX_LANGUAGE_STANDARD = "gnu++20";
				CLANG_ENABLE_MODULES = YES;
				CLANG_ENABLE_OBJC_ARC = YES;
				CLANG_ENABLE_OBJC_WEAK = YES;
				CLANG_WARN_BLOCK_CAPTURE_AUTORELEASING = YES;
				CLANG_WARN_BOOL_CONVERSION = YES;
				CLANG_WARN_COMMA = YES;
				CLANG_WARN_CONSTANT_CONVERSION = YES;
				CLANG_WARN_DEPRECATED_OBJC_IMPLEMENTATIONS = YES;
				CLANG_WARN_DIRECT_OBJC_ISA_USAGE = YES_ERROR;
				CLANG_WARN_DOCUMENTATION_COMMENTS = YES;
				CLANG_WARN_EMPTY_BODY = YES;
				CLANG_WARN_ENUM_CONVERSION = YES;
				CLANG_WARN_INFINITE_RECURSION = YES;
				CLANG_WARN_INT_CONVERSION = YES;
				CLANG_WARN_NON_LITERAL_NULL_CONVERSION = YES;
				CLANG_WARN_OBJC_IMPLICIT_RETAIN_SELF = YES;
				CLANG_WARN_OBJC_LITERAL_CONVERSION = YES;
				CLANG_WARN_OBJC_ROOT_CLASS = YES_ERROR;
				CLANG_WARN_QUOTED_INCLUDE_IN_FRAMEWORK_HEADER = YES;
				CLANG_WARN_RANGE_LOOP_ANALYSIS = YES;
				CLANG_WARN_STRICT_PROTOTYPES = YES;
				CLANG_WARN_SUSPICIOUS_MOVE = YES;
				CLANG_WARN_UNGUARDED_AVAILABILITY = YES_AGGRESSIVE;
				CLANG_WARN_UNREACHABLE_CODE = YES;
				CLANG_WARN__DUPLICATE_METHOD_MATCH = YES;
				COPY_PHASE_STRIP = NO;
				DEBUG_INFORMATION_FORMAT = dwarf;
				ENABLE_STRICT_OBJC_MSGSEND = YES;
				ENABLE_TESTABILITY = YES;
				GCC_C_LANGUAGE_STANDARD = gnu11;
				GCC_DYNAMIC_NO_PIC = NO;
				GCC_NO_COMMON_BLOCKS = YES;
				GCC_OPTIMIZATION_LEVEL = 0;
				GCC_PREPROCESSOR_DEFINITIONS = (
					"DEBUG=1",
					"$(inherited)",
				);
				GCC_WARN_64_TO_32_BIT_CONVERSION = YES;
				GCC_WARN_ABOUT_RETURN_TYPE = YES_ERROR;
				GCC_WARN_UNDECLARED_SELECTOR = YES;
				GCC_WARN_UNINITIALIZED_AUTOS = YES_AGGRESSIVE;
				GCC_WARN_UNUSED_FUNCTION = YES;
				GCC_WARN_UNUSED_VARIABLE = YES;
				IPHONEOS_DEPLOYMENT_TARGET = 16.2;
				MTL_ENABLE_DEBUG_INFO = INCLUDE_SOURCE;
				MTL_FAST_MATH = YES;
				ONLY_ACTIVE_ARCH = YES;
				SDKROOT = iphoneos;
				SWIFT_ACTIVE_COMPILATION_CONDITIONS = DEBUG;
				SWIFT_OPTIMIZATION_LEVEL = "-Onone";
			};
			name = Debug;
		};
		D39916ED29A7067200BEE7BF /* Release */ = {
			isa = XCBuildConfiguration;
			buildSettings = {
				ALWAYS_SEARCH_USER_PATHS = NO;
				CLANG_ANALYZER_NONNULL = YES;
				CLANG_ANALYZER_NUMBER_OBJECT_CONVERSION = YES_AGGRESSIVE;
				CLANG_CXX_LANGUAGE_STANDARD = "gnu++20";
				CLANG_ENABLE_MODULES = YES;
				CLANG_ENABLE_OBJC_ARC = YES;
				CLANG_ENABLE_OBJC_WEAK = YES;
				CLANG_WARN_BLOCK_CAPTURE_AUTORELEASING = YES;
				CLANG_WARN_BOOL_CONVERSION = YES;
				CLANG_WARN_COMMA = YES;
				CLANG_WARN_CONSTANT_CONVERSION = YES;
				CLANG_WARN_DEPRECATED_OBJC_IMPLEMENTATIONS = YES;
				CLANG_WARN_DIRECT_OBJC_ISA_USAGE = YES_ERROR;
				CLANG_WARN_DOCUMENTATION_COMMENTS = YES;
				CLANG_WARN_EMPTY_BODY = YES;
				CLANG_WARN_ENUM_CONVERSION = YES;
				CLANG_WARN_INFINITE_RECURSION = YES;
				CLANG_WARN_INT_CONVERSION = YES;
				CLANG_WARN_NON_LITERAL_NULL_CONVERSION = YES;
				CLANG_WARN_OBJC_IMPLICIT_RETAIN_SELF = YES;
				CLANG_WARN_OBJC_LITERAL_CONVERSION = YES;
				CLANG_WARN_OBJC_ROOT_CLASS = YES_ERROR;
				CLANG_WARN_QUOTED_INCLUDE_IN_FRAMEWORK_HEADER = YES;
				CLANG_WARN_RANGE_LOOP_ANALYSIS = YES;
				CLANG_WARN_STRICT_PROTOTYPES = YES;
				CLANG_WARN_SUSPICIOUS_MOVE = YES;
				CLANG_WARN_UNGUARDED_AVAILABILITY = YES_AGGRESSIVE;
				CLANG_WARN_UNREACHABLE_CODE = YES;
				CLANG_WARN__DUPLICATE_METHOD_MATCH = YES;
				COPY_PHASE_STRIP = NO;
				DEBUG_INFORMATION_FORMAT = "dwarf-with-dsym";
				ENABLE_NS_ASSERTIONS = NO;
				ENABLE_STRICT_OBJC_MSGSEND = YES;
				GCC_C_LANGUAGE_STANDARD = gnu11;
				GCC_NO_COMMON_BLOCKS = YES;
				GCC_WARN_64_TO_32_BIT_CONVERSION = YES;
				GCC_WARN_ABOUT_RETURN_TYPE = YES_ERROR;
				GCC_WARN_UNDECLARED_SELECTOR = YES;
				GCC_WARN_UNINITIALIZED_AUTOS = YES_AGGRESSIVE;
				GCC_WARN_UNUSED_FUNCTION = YES;
				GCC_WARN_UNUSED_VARIABLE = YES;
				IPHONEOS_DEPLOYMENT_TARGET = 16.2;
				MTL_ENABLE_DEBUG_INFO = NO;
				MTL_FAST_MATH = YES;
				SDKROOT = iphoneos;
				SWIFT_COMPILATION_MODE = wholemodule;
				SWIFT_OPTIMIZATION_LEVEL = "-O";
				VALIDATE_PRODUCT = YES;
			};
			name = Release;
		};
		D39916EF29A7067200BEE7BF /* Debug */ = {
			isa = XCBuildConfiguration;
			buildSettings = {
				ASSETCATALOG_COMPILER_APPICON_NAME = AppIcon;
				ASSETCATALOG_COMPILER_GLOBAL_ACCENT_COLOR_NAME = AccentColor;
				CODE_SIGN_STYLE = Automatic;
				CURRENT_PROJECT_VERSION = 1;
				DEVELOPMENT_ASSET_PATHS = "\"ExampleProjectForUITest/Preview Content\"";
				ENABLE_PREVIEWS = YES;
				GENERATE_INFOPLIST_FILE = YES;
				INFOPLIST_KEY_UIApplicationSceneManifest_Generation = YES;
				INFOPLIST_KEY_UIApplicationSupportsIndirectInputEvents = YES;
				INFOPLIST_KEY_UILaunchScreen_Generation = YES;
				INFOPLIST_KEY_UISupportedInterfaceOrientations_iPad = "UIInterfaceOrientationPortrait UIInterfaceOrientationPortraitUpsideDown UIInterfaceOrientationLandscapeLeft UIInterfaceOrientationLandscapeRight";
				INFOPLIST_KEY_UISupportedInterfaceOrientations_iPhone = "UIInterfaceOrientationPortrait UIInterfaceOrientationLandscapeLeft UIInterfaceOrientationLandscapeRight";
				LD_RUNPATH_SEARCH_PATHS = (
					"$(inherited)",
					"@executable_path/Frameworks",
				);
				MARKETING_VERSION = 1.0;
				PRODUCT_BUNDLE_IDENTIFIER = saran.nonkamjan.ExampleProjectForUITest;
				PRODUCT_NAME = "$(TARGET_NAME)";
				SWIFT_EMIT_LOC_STRINGS = YES;
				SWIFT_VERSION = 5.0;
				TARGETED_DEVICE_FAMILY = "1,2";
			};
			name = Debug;
		};
		D39916F029A7067200BEE7BF /* Release */ = {
			isa = XCBuildConfiguration;
			buildSettings = {
				ASSETCATALOG_COMPILER_APPICON_NAME = AppIcon;
				ASSETCATALOG_COMPILER_GLOBAL_ACCENT_COLOR_NAME = AccentColor;
				CODE_SIGN_STYLE = Automatic;
				CURRENT_PROJECT_VERSION = 1;
				DEVELOPMENT_ASSET_PATHS = "\"ExampleProjectForUITest/Preview Content\"";
				ENABLE_PREVIEWS = YES;
				GENERATE_INFOPLIST_FILE = YES;
				INFOPLIST_KEY_UIApplicationSceneManifest_Generation = YES;
				INFOPLIST_KEY_UIApplicationSupportsIndirectInputEvents = YES;
				INFOPLIST_KEY_UILaunchScreen_Generation = YES;
				INFOPLIST_KEY_UISupportedInterfaceOrientations_iPad = "UIInterfaceOrientationPortrait UIInterfaceOrientationPortraitUpsideDown UIInterfaceOrientationLandscapeLeft UIInterfaceOrientationLandscapeRight";
				INFOPLIST_KEY_UISupportedInterfaceOrientations_iPhone = "UIInterfaceOrientationPortrait UIInterfaceOrientationLandscapeLeft UIInterfaceOrientationLandscapeRight";
				LD_RUNPATH_SEARCH_PATHS = (
					"$(inherited)",
					"@executable_path/Frameworks",
				);
				MARKETING_VERSION = 1.0;
				PRODUCT_BUNDLE_IDENTIFIER = saran.nonkamjan.ExampleProjectForUITest;
				PRODUCT_NAME = "$(TARGET_NAME)";
				SWIFT_EMIT_LOC_STRINGS = YES;
				SWIFT_VERSION = 5.0;
				TARGETED_DEVICE_FAMILY = "1,2";
			};
			name = Release;
		};
		D39916F229A7067200BEE7BF /* Debug */ = {
			isa = XCBuildConfiguration;
			buildSettings = {
				ALWAYS_EMBED_SWIFT_STANDARD_LIBRARIES = YES;
				BUNDLE_LOADER = "$(TEST_HOST)";
				CODE_SIGN_STYLE = Automatic;
				CURRENT_PROJECT_VERSION = 1;
				GENERATE_INFOPLIST_FILE = YES;
				IPHONEOS_DEPLOYMENT_TARGET = 16.2;
				MARKETING_VERSION = 1.0;
				PRODUCT_BUNDLE_IDENTIFIER = saran.nonkamjan.ExampleProjectForUITestTests;
				PRODUCT_NAME = "$(TARGET_NAME)";
				SWIFT_EMIT_LOC_STRINGS = NO;
				SWIFT_VERSION = 5.0;
				TARGETED_DEVICE_FAMILY = "1,2";
				TEST_HOST = "$(BUILT_PRODUCTS_DIR)/ExampleProjectForUITest.app/$(BUNDLE_EXECUTABLE_FOLDER_PATH)/ExampleProjectForUITest";
			};
			name = Debug;
		};
		D39916F329A7067200BEE7BF /* Release */ = {
			isa = XCBuildConfiguration;
			buildSettings = {
				ALWAYS_EMBED_SWIFT_STANDARD_LIBRARIES = YES;
				BUNDLE_LOADER = "$(TEST_HOST)";
				CODE_SIGN_STYLE = Automatic;
				CURRENT_PROJECT_VERSION = 1;
				GENERATE_INFOPLIST_FILE = YES;
				IPHONEOS_DEPLOYMENT_TARGET = 16.2;
				MARKETING_VERSION = 1.0;
				PRODUCT_BUNDLE_IDENTIFIER = saran.nonkamjan.ExampleProjectForUITestTests;
				PRODUCT_NAME = "$(TARGET_NAME)";
				SWIFT_EMIT_LOC_STRINGS = NO;
				SWIFT_VERSION = 5.0;
				TARGETED_DEVICE_FAMILY = "1,2";
				TEST_HOST = "$(BUILT_PRODUCTS_DIR)/ExampleProjectForUITest.app/$(BUNDLE_EXECUTABLE_FOLDER_PATH)/ExampleProjectForUITest";
			};
			name = Release;
		};
		D39916F529A7067200BEE7BF /* Debug */ = {
			isa = XCBuildConfiguration;
			buildSettings = {
				ALWAYS_EMBED_SWIFT_STANDARD_LIBRARIES = YES;
				CODE_SIGN_STYLE = Automatic;
				CURRENT_PROJECT_VERSION = 1;
				GENERATE_INFOPLIST_FILE = YES;
				MARKETING_VERSION = 1.0;
				PRODUCT_BUNDLE_IDENTIFIER = saran.nonkamjan.ExampleProjectForUITestUITests;
				PRODUCT_NAME = "$(TARGET_NAME)";
				SWIFT_EMIT_LOC_STRINGS = NO;
				SWIFT_VERSION = 5.0;
				TARGETED_DEVICE_FAMILY = "1,2";
				TEST_TARGET_NAME = ExampleProjectForUITest;
			};
			name = Debug;
		};
		D39916F629A7067200BEE7BF /* Release */ = {
			isa = XCBuildConfiguration;
			buildSettings = {
				ALWAYS_EMBED_SWIFT_STANDARD_LIBRARIES = YES;
				CODE_SIGN_STYLE = Automatic;
				CURRENT_PROJECT_VERSION = 1;
				GENERATE_INFOPLIST_FILE = YES;
				MARKETING_VERSION = 1.0;
				PRODUCT_BUNDLE_IDENTIFIER = saran.nonkamjan.ExampleProjectForUITestUITests;
				PRODUCT_NAME = "$(TARGET_NAME)";
				SWIFT_EMIT_LOC_STRINGS = NO;
				SWIFT_VERSION = 5.0;
				TARGETED_DEVICE_FAMILY = "1,2";
				TEST_TARGET_NAME = ExampleProjectForUITest;
			};
			name = Release;
		};
/* End XCBuildConfiguration section */

/* Begin XCConfigurationList section */
		D39916C529A7066F00BEE7BF /* Build configuration list for PBXProject "ExampleProjectForUITest" */ = {
			isa = XCConfigurationList;
			buildConfigurations = (
				D39916EC29A7067200BEE7BF /* Debug */,
				D39916ED29A7067200BEE7BF /* Release */,
			);
			defaultConfigurationIsVisible = 0;
			defaultConfigurationName = Release;
		};
		D39916EE29A7067200BEE7BF /* Build configuration list for PBXNativeTarget "ExampleProjectForUITest" */ = {
			isa = XCConfigurationList;
			buildConfigurations = (
				D39916EF29A7067200BEE7BF /* Debug */,
				D39916F029A7067200BEE7BF /* Release */,
			);
			defaultConfigurationIsVisible = 0;
			defaultConfigurationName = Release;
		};
		D39916F129A7067200BEE7BF /* Build configuration list for PBXNativeTarget "ExampleProjectForUITestTests" */ = {
			isa = XCConfigurationList;
			buildConfigurations = (
				D39916F229A7067200BEE7BF /* Debug */,
				D39916F329A7067200BEE7BF /* Release */,
			);
			defaultConfigurationIsVisible = 0;
			defaultConfigurationName = Release;
		};
		D39916F429A7067200BEE7BF /* Build configuration list for PBXNativeTarget "ExampleProjectForUITestUITests" */ = {
			isa = XCConfigurationList;
			buildConfigurations = (
				D39916F529A7067200BEE7BF /* Debug */,
				D39916F629A7067200BEE7BF /* Release */,
			);
			defaultConfigurationIsVisible = 0;
			defaultConfigurationName = Release;
		};
/* End XCConfigurationList section */
	};
	rootObject = D39916C229A7066F00BEE7BF /* Project object */;
}
